
Microsoft Visual Studio Solution File, Format Version 12.00
# Visual Studio Version 17
VisualStudioVersion = 17.4.33103.184
MinimumVisualStudioVersion = 10.0.40219.1
Project("{9A19103F-16F7-4668-BE54-9A1E7A4F7556}") = "PortfolioRestAPI", "RestAPITest\PortfolioRestAPI.csproj", "{2A0579A4-01AA-480B-9CDA-66D13B9858FB}"
EndProject
Global
	GlobalSection(SolutionConfigurationPlatforms) = preSolution
		Debug|Any CPU = Debug|Any CPU
		Release|Any CPU = Release|Any CPU
	EndGlobalSection
	GlobalSection(ProjectConfigurationPlatforms) = postSolution
		{2A0579A4-01AA-480B-9CDA-66D13B9858FB}.Debug|Any CPU.ActiveCfg = Debug|Any CPU
		{2A0579A4-01AA-480B-9CDA-66D13B9858FB}.Debug|Any CPU.Build.0 = Debug|Any CPU
		{2A0579A4-01AA-480B-9CDA-66D13B9858FB}.Release|Any CPU.ActiveCfg = Release|Any CPU
		{2A0579A4-01AA-480B-9CDA-66D13B9858FB}.Release|Any CPU.Build.0 = Release|Any CPU
	EndGlobalSection
	GlobalSection(SolutionProperties) = preSolution
		HideSolutionNode = FALSE
	EndGlobalSection
	GlobalSection(ExtensibilityGlobals) = postSolution
		SolutionGuid = {6273B38F-6EB9-4129-9637-8EC24D9056F3}
	EndGlobalSection
EndGlobal
